# THIS IS AN AUTOGENERATED FILE. DO NOT EDIT THIS FILE DIRECTLY.
# yarn lockfile v1


eslint-plugin-react-hooks@^1.0.0:
  version "1.0.0"
  resolved "https://registry.yarnpkg.com/eslint-plugin-react-hooks/-/eslint-plugin-react-hooks-1.0.0.tgz#1c62dd168221821c3d0bd2ea05b01ec29ee4f27a"
  integrity sha512-fXU6nfMv3w8M9WWUqKsjO5HejdqkTpzN3AGTGYYSEpXxXRGk1a0CSylwMCvap09PQ/umHqDsNOQ/H0Q3I0ytsw==
